
Microsoft Visual Studio Solution File, Format Version 12.00
# Visual Studio 15
VisualStudioVersion = 15.0.28307.539
MinimumVisualStudioVersion = 10.0.40219.1
Project("{FAE04EC0-301F-11D3-BF4B-00C04F79EFBC}") = "FarFutureTechnologies", "FarFutureTechnologies\FarFutureTechnologies.csproj", "{7E36220E-F152-4606-9E66-561FD0E3ED13}"
EndProject
Global
	GlobalSection(SolutionConfigurationPlatforms) = preSolution
		Debug|Any CPU = Debug|Any CPU
		Release|Any CPU = Release|Any CPU
	EndGlobalSection
	GlobalSection(ProjectConfigurationPlatforms) = postSolution
		{7E36220E-F152-4606-9E66-561FD0E3ED13}.Debug|Any CPU.ActiveCfg = Release|Any CPU
		{7E36220E-F152-4606-9E66-561FD0E3ED13}.Debug|Any CPU.Build.0 = Release|Any CPU
		{7E36220E-F152-4606-9E66-561FD0E3ED13}.Release|Any CPU.ActiveCfg = Release|Any CPU
		{7E36220E-F152-4606-9E66-561FD0E3ED13}.Release|Any CPU.Build.0 = Release|Any CPU
	EndGlobalSection
	GlobalSection(SolutionProperties) = preSolution
		HideSolutionNode = FALSE
	EndGlobalSection
	GlobalSection(ExtensibilityGlobals) = postSolution
		SolutionGuid = {CD0B568D-5B56-4F23-97B5-06F44B1F3B49}
	EndGlobalSection
EndGlobal
