
Microsoft Visual Studio Solution File, Format Version 11.00
# Visual C# Express 2010
Project("{FAE04EC0-301F-11D3-BF4B-00C04F79EFBC}") = "PulsePropulsion", "PulsePropulsion\PulsePropulsion.csproj", "{1C84F8C1-7C2D-4220-98B1-7B3E0EE8416C}"
EndProject
Global
	GlobalSection(SolutionConfigurationPlatforms) = preSolution
		Debug|Any CPU = Debug|Any CPU
		Release|Any CPU = Release|Any CPU
	EndGlobalSection
	GlobalSection(ProjectConfigurationPlatforms) = postSolution
		{1C84F8C1-7C2D-4220-98B1-7B3E0EE8416C}.Debug|Any CPU.ActiveCfg = Debug|Any CPU
		{1C84F8C1-7C2D-4220-98B1-7B3E0EE8416C}.Debug|Any CPU.Build.0 = Debug|Any CPU
		{1C84F8C1-7C2D-4220-98B1-7B3E0EE8416C}.Release|Any CPU.ActiveCfg = Release|Any CPU
		{1C84F8C1-7C2D-4220-98B1-7B3E0EE8416C}.Release|Any CPU.Build.0 = Release|Any CPU
	EndGlobalSection
	GlobalSection(SolutionProperties) = preSolution
		HideSolutionNode = FALSE
	EndGlobalSection
EndGlobal
